
Microsoft Visual Studio Solution File, Format Version 12.00
# Visual Studio 15
VisualStudioVersion = 15.0.28010.0
MinimumVisualStudioVersion = 10.0.40219.1
Project("{8BC9CEB8-8B4A-11D0-8D11-00A0C91BC942}") = "ClassInCpp", "ClassInCpp\ClassInCpp.vcxproj", "{9EB3FBC2-31E0-421D-B23E-BA2C81F23EFA}"
EndProject
Project("{8BC9CEB8-8B4A-11D0-8D11-00A0C91BC942}") = "MapEditor", "MapEditor\MapEditor.vcxproj", "{47943D35-E15B-489C-8D27-76DCB51D9FB8}"
EndProject
Project("{8BC9CEB8-8B4A-11D0-8D11-00A0C91BC942}") = "GameTank", "GameTank\GameTank.vcxproj", "{8CD9FA42-6035-447F-915E-2A5E50C7EFF1}"
EndProject
Global
	GlobalSection(SolutionConfigurationPlatforms) = preSolution
		Debug|x64 = Debug|x64
		Debug|x86 = Debug|x86
		Release|x64 = Release|x64
		Release|x86 = Release|x86
	EndGlobalSection
	GlobalSection(ProjectConfigurationPlatforms) = postSolution
		{9EB3FBC2-31E0-421D-B23E-BA2C81F23EFA}.Debug|x64.ActiveCfg = Debug|x64
		{9EB3FBC2-31E0-421D-B23E-BA2C81F23EFA}.Debug|x64.Build.0 = Debug|x64
		{9EB3FBC2-31E0-421D-B23E-BA2C81F23EFA}.Debug|x86.ActiveCfg = Debug|Win32
		{9EB3FBC2-31E0-421D-B23E-BA2C81F23EFA}.Debug|x86.Build.0 = Debug|Win32
		{9EB3FBC2-31E0-421D-B23E-BA2C81F23EFA}.Release|x64.ActiveCfg = Release|x64
		{9EB3FBC2-31E0-421D-B23E-BA2C81F23EFA}.Release|x64.Build.0 = Release|x64
		{9EB3FBC2-31E0-421D-B23E-BA2C81F23EFA}.Release|x86.ActiveCfg = Release|Win32
		{9EB3FBC2-31E0-421D-B23E-BA2C81F23EFA}.Release|x86.Build.0 = Release|Win32
		{47943D35-E15B-489C-8D27-76DCB51D9FB8}.Debug|x64.ActiveCfg = Debug|x64
		{47943D35-E15B-489C-8D27-76DCB51D9FB8}.Debug|x64.Build.0 = Debug|x64
		{47943D35-E15B-489C-8D27-76DCB51D9FB8}.Debug|x86.ActiveCfg = Debug|Win32
		{47943D35-E15B-489C-8D27-76DCB51D9FB8}.Debug|x86.Build.0 = Debug|Win32
		{47943D35-E15B-489C-8D27-76DCB51D9FB8}.Release|x64.ActiveCfg = Release|x64
		{47943D35-E15B-489C-8D27-76DCB51D9FB8}.Release|x64.Build.0 = Release|x64
		{47943D35-E15B-489C-8D27-76DCB51D9FB8}.Release|x86.ActiveCfg = Release|Win32
		{47943D35-E15B-489C-8D27-76DCB51D9FB8}.Release|x86.Build.0 = Release|Win32
		{8CD9FA42-6035-447F-915E-2A5E50C7EFF1}.Debug|x64.ActiveCfg = Debug|x64
		{8CD9FA42-6035-447F-915E-2A5E50C7EFF1}.Debug|x64.Build.0 = Debug|x64
		{8CD9FA42-6035-447F-915E-2A5E50C7EFF1}.Debug|x86.ActiveCfg = Debug|Win32
		{8CD9FA42-6035-447F-915E-2A5E50C7EFF1}.Debug|x86.Build.0 = Debug|Win32
		{8CD9FA42-6035-447F-915E-2A5E50C7EFF1}.Release|x64.ActiveCfg = Release|x64
		{8CD9FA42-6035-447F-915E-2A5E50C7EFF1}.Release|x64.Build.0 = Release|x64
		{8CD9FA42-6035-447F-915E-2A5E50C7EFF1}.Release|x86.ActiveCfg = Release|Win32
		{8CD9FA42-6035-447F-915E-2A5E50C7EFF1}.Release|x86.Build.0 = Release|Win32
	EndGlobalSection
	GlobalSection(SolutionProperties) = preSolution
		HideSolutionNode = FALSE
	EndGlobalSection
	GlobalSection(ExtensibilityGlobals) = postSolution
		SolutionGuid = {D20B2222-9988-43B7-A9B2-6DCB86011FA7}
	EndGlobalSection
EndGlobal
