
Microsoft Visual Studio Solution File, Format Version 12.00
# Visual Studio 15
VisualStudioVersion = 15.0.28010.0
MinimumVisualStudioVersion = 10.0.40219.1
Project("{8BC9CEB8-8B4A-11D0-8D11-00A0C91BC942}") = "List2LinkConsole", "List2LinkConsole\List2LinkConsole.vcxproj", "{FBDC91D0-FFA1-4B8B-9930-E543A2C992AB}"
EndProject
Project("{8BC9CEB8-8B4A-11D0-8D11-00A0C91BC942}") = "MapEditor", "MapEditor\MapEditor.vcxproj", "{A476870E-3808-4A5B-BC56-CA3A4F4AC0C8}"
EndProject
Global
	GlobalSection(SolutionConfigurationPlatforms) = preSolution
		Debug|x64 = Debug|x64
		Debug|x86 = Debug|x86
		Release|x64 = Release|x64
		Release|x86 = Release|x86
	EndGlobalSection
	GlobalSection(ProjectConfigurationPlatforms) = postSolution
		{FBDC91D0-FFA1-4B8B-9930-E543A2C992AB}.Debug|x64.ActiveCfg = Debug|x64
		{FBDC91D0-FFA1-4B8B-9930-E543A2C992AB}.Debug|x64.Build.0 = Debug|x64
		{FBDC91D0-FFA1-4B8B-9930-E543A2C992AB}.Debug|x86.ActiveCfg = Debug|Win32
		{FBDC91D0-FFA1-4B8B-9930-E543A2C992AB}.Debug|x86.Build.0 = Debug|Win32
		{FBDC91D0-FFA1-4B8B-9930-E543A2C992AB}.Release|x64.ActiveCfg = Release|x64
		{FBDC91D0-FFA1-4B8B-9930-E543A2C992AB}.Release|x64.Build.0 = Release|x64
		{FBDC91D0-FFA1-4B8B-9930-E543A2C992AB}.Release|x86.ActiveCfg = Release|Win32
		{FBDC91D0-FFA1-4B8B-9930-E543A2C992AB}.Release|x86.Build.0 = Release|Win32
		{A476870E-3808-4A5B-BC56-CA3A4F4AC0C8}.Debug|x64.ActiveCfg = Debug|x64
		{A476870E-3808-4A5B-BC56-CA3A4F4AC0C8}.Debug|x64.Build.0 = Debug|x64
		{A476870E-3808-4A5B-BC56-CA3A4F4AC0C8}.Debug|x86.ActiveCfg = Debug|Win32
		{A476870E-3808-4A5B-BC56-CA3A4F4AC0C8}.Debug|x86.Build.0 = Debug|Win32
		{A476870E-3808-4A5B-BC56-CA3A4F4AC0C8}.Release|x64.ActiveCfg = Release|x64
		{A476870E-3808-4A5B-BC56-CA3A4F4AC0C8}.Release|x64.Build.0 = Release|x64
		{A476870E-3808-4A5B-BC56-CA3A4F4AC0C8}.Release|x86.ActiveCfg = Release|Win32
		{A476870E-3808-4A5B-BC56-CA3A4F4AC0C8}.Release|x86.Build.0 = Release|Win32
	EndGlobalSection
	GlobalSection(SolutionProperties) = preSolution
		HideSolutionNode = FALSE
	EndGlobalSection
	GlobalSection(ExtensibilityGlobals) = postSolution
		SolutionGuid = {8B585E6A-27D5-49D9-A429-CBA600FACA92}
	EndGlobalSection
EndGlobal
